
Microsoft Visual Studio Solution File, Format Version 12.00
# Visual Studio Version 17
VisualStudioVersion = 17.9.34616.47
MinimumVisualStudioVersion = 10.0.40219.1
Project("{FAE04EC0-301F-11D3-BF4B-00C04F79EFBC}") = "Exercicio2.cs", "Exercicio2.cs\Exercicio2.cs.csproj", "{CCB75FDC-670B-4462-8DF6-84747C3FD634}"
EndProject
Global
	GlobalSection(SolutionConfigurationPlatforms) = preSolution
		Debug|Any CPU = Debug|Any CPU
		Release|Any CPU = Release|Any CPU
	EndGlobalSection
	GlobalSection(ProjectConfigurationPlatforms) = postSolution
		{CCB75FDC-670B-4462-8DF6-84747C3FD634}.Debug|Any CPU.ActiveCfg = Debug|Any CPU
		{CCB75FDC-670B-4462-8DF6-84747C3FD634}.Debug|Any CPU.Build.0 = Debug|Any CPU
		{CCB75FDC-670B-4462-8DF6-84747C3FD634}.Release|Any CPU.ActiveCfg = Release|Any CPU
		{CCB75FDC-670B-4462-8DF6-84747C3FD634}.Release|Any CPU.Build.0 = Release|Any CPU
	EndGlobalSection
	GlobalSection(SolutionProperties) = preSolution
		HideSolutionNode = FALSE
	EndGlobalSection
	GlobalSection(ExtensibilityGlobals) = postSolution
		SolutionGuid = {EAC8C41A-8D6B-46B6-AE3B-31EB840D5F07}
	EndGlobalSection
EndGlobal
